
Microsoft Visual Studio Solution File, Format Version 12.00
# Visual Studio Version 17
VisualStudioVersion = 17.11.35327.3
MinimumVisualStudioVersion = 10.0.40219.1
Project("{FAE04EC0-301F-11D3-BF4B-00C04F79EFBC}") = "laboratorul1", "laboratorul1.csproj", "{D83D0DF6-FAB4-4665-A35B-40B0B624BF5D}"
EndProject
Global
	GlobalSection(SolutionConfigurationPlatforms) = preSolution
		Debug|Any CPU = Debug|Any CPU
		Release|Any CPU = Release|Any CPU
	EndGlobalSection
	GlobalSection(ProjectConfigurationPlatforms) = postSolution
		{D83D0DF6-FAB4-4665-A35B-40B0B624BF5D}.Debug|Any CPU.ActiveCfg = Debug|Any CPU
		{D83D0DF6-FAB4-4665-A35B-40B0B624BF5D}.Debug|Any CPU.Build.0 = Debug|Any CPU
		{D83D0DF6-FAB4-4665-A35B-40B0B624BF5D}.Release|Any CPU.ActiveCfg = Release|Any CPU
		{D83D0DF6-FAB4-4665-A35B-40B0B624BF5D}.Release|Any CPU.Build.0 = Release|Any CPU
	EndGlobalSection
	GlobalSection(SolutionProperties) = preSolution
		HideSolutionNode = FALSE
	EndGlobalSection
	GlobalSection(ExtensibilityGlobals) = postSolution
		SolutionGuid = {D8BA9FBA-3A1C-4AC7-AD3F-6DFA4313483A}
	EndGlobalSection
EndGlobal
